# THIS IS AN AUTOGENERATED FILE. DO NOT EDIT THIS FILE DIRECTLY.
# yarn lockfile v1


"@types/axios@^0.14.0":
  version "0.14.0"
  resolved "https://registry.yarnpkg.com/@types/axios/-/axios-0.14.0.tgz#ec2300fbe7d7dddd7eb9d3abf87999964cafce46"
  integrity sha1-7CMA++fX3d1+udOr+HmZlkyvzkY=
  dependencies:
    axios "*"

"@types/react-icons@^3.0.0":
  version "3.0.0"
  resolved "https://registry.yarnpkg.com/@types/react-icons/-/react-icons-3.0.0.tgz#27ca2823a6add881d06a371bfff093afc1b9c829"
  integrity sha512-Vefs6LkLqF61vfV7AiAqls+vpR94q67gunhMueDznG+msAkrYgRxl7gYjNem/kZ+as2l2mNChmF1jRZzzQQtMg==
  dependencies:
    react-icons "*"

"@types/react-toastify@^4.1.0":
  version "4.1.0"
  resolved "https://registry.yarnpkg.com/@types/react-toastify/-/react-toastify-4.1.0.tgz#604e712855dd677916d5c66af595d3b590f5d95d"
  integrity sha512-u7Ie/7LHBsPVz/iJxi/WlRDS7Gh9csCJACTDXx+pSLuZCm94xpkwzhM3jV1L5ZxP/in0Gp2tFbJ91VrSGr1gyQ==
  dependencies:
    react-toastify "*"

axios@*:
  version "0.21.1"
  resolved "https://registry.yarnpkg.com/axios/-/axios-0.21.1.tgz#22563481962f4d6bde9a76d516ef0e5d3c09b2b8"
  integrity sha512-dKQiRHxGD9PPRIUNIWvZhPTPpl1rf/OxTYKsqKUDjBwYylTvV7SjSHJb9ratfyzM6wCdLCOYLzs73qpg5c4iGA==
  dependencies:
    follow-redirects "^1.10.0"

clsx@^1.1.1:
  version "1.1.1"
  resolved "https://registry.yarnpkg.com/clsx/-/clsx-1.1.1.tgz#98b3134f9abbdf23b2663491ace13c5c03a73188"
  integrity sha512-6/bPho624p3S2pMyvP5kKBPXnI3ufHLObBFCfgx+LkeR5lg2XYy2hqZqUf45ypD8COn2bhgGJSUE+l5dhNBieA==

follow-redirects@^1.10.0:
  version "1.14.1"
  resolved "https://registry.yarnpkg.com/follow-redirects/-/follow-redirects-1.14.1.tgz#d9114ded0a1cfdd334e164e6662ad02bfd91ff43"
  integrity sha512-HWqDgT7ZEkqRzBvc2s64vSZ/hfOceEol3ac/7tKwzuvEyWx3/4UegXh5oBOIotkGsObyk3xznnSRVADBgWSQVg==

react-icons@*:
  version "4.2.0"
  resolved "https://registry.yarnpkg.com/react-icons/-/react-icons-4.2.0.tgz#6dda80c8a8f338ff96a1851424d63083282630d0"
  integrity sha512-rmzEDFt+AVXRzD7zDE21gcxyBizD/3NqjbX6cmViAgdqfJ2UiLer8927/QhhrXQV7dEj/1EGuOTPp7JnLYVJKQ==

react-toastify@*:
  version "7.0.4"
  resolved "https://registry.yarnpkg.com/react-toastify/-/react-toastify-7.0.4.tgz#7d0b743f2b96f65754264ca6eae31911a82378db"
  integrity sha512-Rol7+Cn39hZp5hQ/k6CbMNE2CKYV9E5OQdC/hBLtIQU2xz7DdAm7xil4NITQTHR6zEbE5RVFbpgSwTD7xRGLeQ==
  dependencies:
    clsx "^1.1.1"
